
Microsoft Visual Studio Solution File, Format Version 12.00
# Visual Studio 15
VisualStudioVersion = 15.0.28010.2048
MinimumVisualStudioVersion = 10.0.40219.1
Project("{9A19103F-16F7-4668-BE54-9A1E7A4F7556}") = "AdoSql", "AdoSql\AdoSql.csproj", "{A14522BC-EA1E-46CB-9DC1-7500434B7E47}"
EndProject
Project("{2150E333-8FDC-42A3-9474-1A3956D46DE8}") = "DatabaseDesignScripts", "DatabaseDesignScripts", "{6B31BD0C-C38B-48CF-B750-DD99FB65518D}"
	ProjectSection(SolutionItems) = preProject
		Constrains.sql = Constrains.sql
		CreateDatabaseScript.sql = CreateDatabaseScript.sql
		CreateTable.sql = CreateTable.sql
		CreatingSchemas.sql = CreatingSchemas.sql
		CreatingTablesSample.sql = CreatingTablesSample.sql
		Sequence.sql = Sequence.sql
		Sequence2.sql = Sequence2.sql
		ViewConstraints.sql = ViewConstraints.sql
	EndProjectSection
EndProject
Project("{2150E333-8FDC-42A3-9474-1A3956D46DE8}") = "DBCreations", "DBCreations", "{6AA8D0F0-76F7-423C-94B9-5442D5C01985}"
	ProjectSection(SolutionItems) = preProject
		AlterToAddCheckConstrains.sql = AlterToAddCheckConstrains.sql
		AlterToAddDefaultConstrain.sql = AlterToAddDefaultConstrain.sql
		AlterToAddForeignKeys.sql = AlterToAddForeignKeys.sql
		AlterToAddGeneratedConstrains.sql = AlterToAddGeneratedConstrains.sql
		AlterToAddPrimaryKeys.sql = AlterToAddPrimaryKeys.sql
		AlterToAddUniqueKeys.sql = AlterToAddUniqueKeys.sql
		CreateTriggersAfter.sql = CreateTriggersAfter.sql
		CreateTriggersInsteadOf.sql = CreateTriggersInsteadOf.sql
		CreatingTables.sql = CreatingTables.sql
		CreatingTablesConstrains.sql = CreatingTablesConstrains.sql
		GeneratingCodes.sql = GeneratingCodes.sql
	EndProjectSection
EndProject
Project("{2150E333-8FDC-42A3-9474-1A3956D46DE8}") = "DocumentingDatabase", "DocumentingDatabase", "{5A5DABD7-50E4-4ED6-9D80-E92996491B1B}"
	ProjectSection(SolutionItems) = preProject
		Documenting.sql = Documenting.sql
		ReadingDocumentProperties.sql = ReadingDocumentProperties.sql
	EndProjectSection
EndProject
Project("{2150E333-8FDC-42A3-9474-1A3956D46DE8}") = "ViewingBasicMetaData", "ViewingBasicMetaData", "{DD6F7B7B-3651-48E8-852B-6234E9990463}"
	ProjectSection(SolutionItems) = preProject
		ChecksContrains.sql = ChecksContrains.sql
		Constraints.sql = Constraints.sql
		TableSchemas.sql = TableSchemas.sql
		Triggers.sql = Triggers.sql
	EndProjectSection
EndProject
Project("{2150E333-8FDC-42A3-9474-1A3956D46DE8}") = "UnitTests", "UnitTests", "{B42A1700-82CD-4333-A0C8-3CB9E5F60CDA}"
EndProject
Project("{2150E333-8FDC-42A3-9474-1A3956D46DE8}") = "DBCreation2", "DBCreation2", "{B97F34DB-E2ED-42F2-B7DC-7B18D23E1FFE}"
	ProjectSection(SolutionItems) = preProject
		AlterToAddConstraints.sql = AlterToAddConstraints.sql
		CreateDb.sql = CreateDb.sql
		DbCreations.sql = DbCreations.sql
		SeedDb.sql = SeedDb.sql
	EndProjectSection
EndProject
Project("{2150E333-8FDC-42A3-9474-1A3956D46DE8}") = "DBCreation3", "DBCreation3", "{B418A8E6-1548-4237-801F-226410D8B32B}"
	ProjectSection(SolutionItems) = preProject
		CreateLegoDb.sql = CreateLegoDb.sql
	EndProjectSection
EndProject
Project("{2150E333-8FDC-42A3-9474-1A3956D46DE8}") = "Indexing", "Indexing", "{2F926CD3-274B-482D-8A01-758107387881}"
	ProjectSection(SolutionItems) = preProject
		Indexing.sql = Indexing.sql
	EndProjectSection
EndProject
Project("{9A19103F-16F7-4668-BE54-9A1E7A4F7556}") = "DATA", "DATA\DATA.csproj", "{5A1B40DF-454B-4C9E-AD48-D7D918A46F5C}"
EndProject
Project("{FAE04EC0-301F-11D3-BF4B-00C04F79EFBC}") = "CORE", "CORE\CORE.csproj", "{8A84B850-F091-4BB8-BC96-B08AD0E64801}"
EndProject
Project("{FAE04EC0-301F-11D3-BF4B-00C04F79EFBC}") = "MODELS", "MODELS\MODELS.csproj", "{64A223DB-F7EE-432F-9740-7F402497BB11}"
EndProject
Project("{FAE04EC0-301F-11D3-BF4B-00C04F79EFBC}") = "SERVICES", "SERVICES\SERVICES.csproj", "{0ED33330-40CD-454F-B045-1A94E5AA2397}"
EndProject
Project("{FAE04EC0-301F-11D3-BF4B-00C04F79EFBC}") = "REPOSITORIES", "REPOSITORIES\REPOSITORIES.csproj", "{C839877E-2674-4FD8-9890-1BDED914EEC1}"
EndProject
Project("{FAE04EC0-301F-11D3-BF4B-00C04F79EFBC}") = "CoreApi", "CoreApi\CoreApi.csproj", "{3FA4E023-7C9A-4F71-B06B-AAF3AF5B75FF}"
EndProject
Project("{2150E333-8FDC-42A3-9474-1A3956D46DE8}") = "EFCOREMVC", "EFCOREMVC", "{F4818AD1-9D33-489C-B75F-E2B689685C18}"
EndProject
Project("{FAE04EC0-301F-11D3-BF4B-00C04F79EFBC}") = "WEBAPI", "EFCOREMVC\WEBAPI\WEBAPI.csproj", "{A0A08C6F-4216-4C26-B8EC-A292333312E3}"
EndProject
Project("{FAE04EC0-301F-11D3-BF4B-00C04F79EFBC}") = "WEBMVC", "EFCOREMVC\WEBMVC\WEBMVC.csproj", "{EA70898F-92C7-41DA-A5E5-6399AA6BAA82}"
EndProject
Project("{FAE04EC0-301F-11D3-BF4B-00C04F79EFBC}") = "ConsoleAppx", "ConsoleAppx\ConsoleAppx.csproj", "{ED701A51-C398-4852-B062-B33508297EB1}"
EndProject
Project("{2150E333-8FDC-42A3-9474-1A3956D46DE8}") = "ADVANCEDEFCORE2", "ADVANCEDEFCORE2", "{AEE6F3D0-A157-46FC-81A1-D8D45ED05759}"
EndProject
Project("{FAE04EC0-301F-11D3-BF4B-00C04F79EFBC}") = "COREDATA", "COREDATA\COREDATA.csproj", "{70EE404B-63B7-44C7-888B-BCED8451E0F1}"
EndProject
Global
	GlobalSection(SolutionConfigurationPlatforms) = preSolution
		Debug|Any CPU = Debug|Any CPU
		Release|Any CPU = Release|Any CPU
	EndGlobalSection
	GlobalSection(ProjectConfigurationPlatforms) = postSolution
		{A14522BC-EA1E-46CB-9DC1-7500434B7E47}.Debug|Any CPU.ActiveCfg = Debug|Any CPU
		{A14522BC-EA1E-46CB-9DC1-7500434B7E47}.Debug|Any CPU.Build.0 = Debug|Any CPU
		{A14522BC-EA1E-46CB-9DC1-7500434B7E47}.Release|Any CPU.ActiveCfg = Release|Any CPU
		{A14522BC-EA1E-46CB-9DC1-7500434B7E47}.Release|Any CPU.Build.0 = Release|Any CPU
		{5A1B40DF-454B-4C9E-AD48-D7D918A46F5C}.Debug|Any CPU.ActiveCfg = Debug|Any CPU
		{5A1B40DF-454B-4C9E-AD48-D7D918A46F5C}.Debug|Any CPU.Build.0 = Debug|Any CPU
		{5A1B40DF-454B-4C9E-AD48-D7D918A46F5C}.Release|Any CPU.ActiveCfg = Release|Any CPU
		{5A1B40DF-454B-4C9E-AD48-D7D918A46F5C}.Release|Any CPU.Build.0 = Release|Any CPU
		{8A84B850-F091-4BB8-BC96-B08AD0E64801}.Debug|Any CPU.ActiveCfg = Debug|Any CPU
		{8A84B850-F091-4BB8-BC96-B08AD0E64801}.Debug|Any CPU.Build.0 = Debug|Any CPU
		{8A84B850-F091-4BB8-BC96-B08AD0E64801}.Release|Any CPU.ActiveCfg = Release|Any CPU
		{8A84B850-F091-4BB8-BC96-B08AD0E64801}.Release|Any CPU.Build.0 = Release|Any CPU
		{64A223DB-F7EE-432F-9740-7F402497BB11}.Debug|Any CPU.ActiveCfg = Debug|Any CPU
		{64A223DB-F7EE-432F-9740-7F402497BB11}.Debug|Any CPU.Build.0 = Debug|Any CPU
		{64A223DB-F7EE-432F-9740-7F402497BB11}.Release|Any CPU.ActiveCfg = Release|Any CPU
		{64A223DB-F7EE-432F-9740-7F402497BB11}.Release|Any CPU.Build.0 = Release|Any CPU
		{0ED33330-40CD-454F-B045-1A94E5AA2397}.Debug|Any CPU.ActiveCfg = Debug|Any CPU
		{0ED33330-40CD-454F-B045-1A94E5AA2397}.Debug|Any CPU.Build.0 = Debug|Any CPU
		{0ED33330-40CD-454F-B045-1A94E5AA2397}.Release|Any CPU.ActiveCfg = Release|Any CPU
		{0ED33330-40CD-454F-B045-1A94E5AA2397}.Release|Any CPU.Build.0 = Release|Any CPU
		{C839877E-2674-4FD8-9890-1BDED914EEC1}.Debug|Any CPU.ActiveCfg = Debug|Any CPU
		{C839877E-2674-4FD8-9890-1BDED914EEC1}.Debug|Any CPU.Build.0 = Debug|Any CPU
		{C839877E-2674-4FD8-9890-1BDED914EEC1}.Release|Any CPU.ActiveCfg = Release|Any CPU
		{C839877E-2674-4FD8-9890-1BDED914EEC1}.Release|Any CPU.Build.0 = Release|Any CPU
		{3FA4E023-7C9A-4F71-B06B-AAF3AF5B75FF}.Debug|Any CPU.ActiveCfg = Debug|Any CPU
		{3FA4E023-7C9A-4F71-B06B-AAF3AF5B75FF}.Debug|Any CPU.Build.0 = Debug|Any CPU
		{3FA4E023-7C9A-4F71-B06B-AAF3AF5B75FF}.Release|Any CPU.ActiveCfg = Release|Any CPU
		{3FA4E023-7C9A-4F71-B06B-AAF3AF5B75FF}.Release|Any CPU.Build.0 = Release|Any CPU
		{A0A08C6F-4216-4C26-B8EC-A292333312E3}.Debug|Any CPU.ActiveCfg = Debug|Any CPU
		{A0A08C6F-4216-4C26-B8EC-A292333312E3}.Debug|Any CPU.Build.0 = Debug|Any CPU
		{A0A08C6F-4216-4C26-B8EC-A292333312E3}.Release|Any CPU.ActiveCfg = Release|Any CPU
		{A0A08C6F-4216-4C26-B8EC-A292333312E3}.Release|Any CPU.Build.0 = Release|Any CPU
		{EA70898F-92C7-41DA-A5E5-6399AA6BAA82}.Debug|Any CPU.ActiveCfg = Debug|Any CPU
		{EA70898F-92C7-41DA-A5E5-6399AA6BAA82}.Debug|Any CPU.Build.0 = Debug|Any CPU
		{EA70898F-92C7-41DA-A5E5-6399AA6BAA82}.Release|Any CPU.ActiveCfg = Release|Any CPU
		{EA70898F-92C7-41DA-A5E5-6399AA6BAA82}.Release|Any CPU.Build.0 = Release|Any CPU
		{ED701A51-C398-4852-B062-B33508297EB1}.Debug|Any CPU.ActiveCfg = Debug|Any CPU
		{ED701A51-C398-4852-B062-B33508297EB1}.Debug|Any CPU.Build.0 = Debug|Any CPU
		{ED701A51-C398-4852-B062-B33508297EB1}.Release|Any CPU.ActiveCfg = Release|Any CPU
		{ED701A51-C398-4852-B062-B33508297EB1}.Release|Any CPU.Build.0 = Release|Any CPU
		{70EE404B-63B7-44C7-888B-BCED8451E0F1}.Debug|Any CPU.ActiveCfg = Debug|Any CPU
		{70EE404B-63B7-44C7-888B-BCED8451E0F1}.Debug|Any CPU.Build.0 = Debug|Any CPU
		{70EE404B-63B7-44C7-888B-BCED8451E0F1}.Release|Any CPU.ActiveCfg = Release|Any CPU
		{70EE404B-63B7-44C7-888B-BCED8451E0F1}.Release|Any CPU.Build.0 = Release|Any CPU
	EndGlobalSection
	GlobalSection(SolutionProperties) = preSolution
		HideSolutionNode = FALSE
	EndGlobalSection
	GlobalSection(NestedProjects) = preSolution
		{6AA8D0F0-76F7-423C-94B9-5442D5C01985} = {6B31BD0C-C38B-48CF-B750-DD99FB65518D}
		{5A5DABD7-50E4-4ED6-9D80-E92996491B1B} = {6B31BD0C-C38B-48CF-B750-DD99FB65518D}
		{DD6F7B7B-3651-48E8-852B-6234E9990463} = {6B31BD0C-C38B-48CF-B750-DD99FB65518D}
		{B42A1700-82CD-4333-A0C8-3CB9E5F60CDA} = {6B31BD0C-C38B-48CF-B750-DD99FB65518D}
		{B97F34DB-E2ED-42F2-B7DC-7B18D23E1FFE} = {6B31BD0C-C38B-48CF-B750-DD99FB65518D}
		{B418A8E6-1548-4237-801F-226410D8B32B} = {6B31BD0C-C38B-48CF-B750-DD99FB65518D}
		{A0A08C6F-4216-4C26-B8EC-A292333312E3} = {F4818AD1-9D33-489C-B75F-E2B689685C18}
		{EA70898F-92C7-41DA-A5E5-6399AA6BAA82} = {F4818AD1-9D33-489C-B75F-E2B689685C18}
		{70EE404B-63B7-44C7-888B-BCED8451E0F1} = {AEE6F3D0-A157-46FC-81A1-D8D45ED05759}
	EndGlobalSection
	GlobalSection(ExtensibilityGlobals) = postSolution
		SolutionGuid = {5D63244C-409B-4085-8DC2-E3BD19F9A6B8}
	EndGlobalSection
EndGlobal
